
Microsoft Visual Studio Solution File, Format Version 12.00
# Visual Studio Version 17
VisualStudioVersion = 17.0.31919.166
MinimumVisualStudioVersion = 10.0.40219.1
Project("{2150E333-8FDC-42A3-9474-1A3956D46DE8}") = "0 - API", "0 - API", "{D6D76F30-4A72-456D-98A2-7A9024C63ADD}"
EndProject
Project("{2150E333-8FDC-42A3-9474-1A3956D46DE8}") = "1 - Infrastructure", "1 - Infrastructure", "{876F469E-CDDA-46BC-A279-A16BAF4F1542}"
EndProject
Project("{2150E333-8FDC-42A3-9474-1A3956D46DE8}") = "2 - Application", "2 - Application", "{927BFBDF-6C27-4A3A-81D6-A603BDA89525}"
EndProject
Project("{2150E333-8FDC-42A3-9474-1A3956D46DE8}") = "3 - Domain", "3 - Domain", "{AE0C7B2F-FC68-4E33-9003-A135BEB18AAB}"
EndProject
Project("{2150E333-8FDC-42A3-9474-1A3956D46DE8}") = "4 - Frontend", "4 - Frontend", "{A89C9936-A3F8-48BD-99D5-B9DA6D4C1D38}"
EndProject
Project("{9A19103F-16F7-4668-BE54-9A1E7A4F7556}") = "TodoApp.API", "Todo.API\TodoApp.API.csproj", "{DA35B1C8-CE1A-4C8A-8CAB-89193B8C9443}"
EndProject
Project("{54A90642-561A-4BB1-A94E-469ADEE60C69}") = "TodoApp.Angular", "Todo.Angular\TodoApp.Angular.esproj", "{C3089096-052E-4F0A-AF4F-74E2D4C0979D}"
EndProject
Project("{9A19103F-16F7-4668-BE54-9A1E7A4F7556}") = "TodoApp.Domain", "Todo.Domain\TodoApp.Domain.csproj", "{02A4D3E1-652F-48AC-A98F-78F4E5844572}"
EndProject
Project("{9A19103F-16F7-4668-BE54-9A1E7A4F7556}") = "TodoApp.Infrastructure", "TodoApp.Infrastructure\TodoApp.Infrastructure.csproj", "{E63386B7-4E75-4E9B-8043-10697F594305}"
EndProject
Project("{9A19103F-16F7-4668-BE54-9A1E7A4F7556}") = "TodoApp.Application", "TodoApp.Application\TodoApp.Application.csproj", "{FA689CDA-C16A-4990-A71B-C64602FA37D2}"
EndProject
Global
	GlobalSection(SolutionConfigurationPlatforms) = preSolution
		Debug|Any CPU = Debug|Any CPU
		Release|Any CPU = Release|Any CPU
	EndGlobalSection
	GlobalSection(ProjectConfigurationPlatforms) = postSolution
		{DA35B1C8-CE1A-4C8A-8CAB-89193B8C9443}.Debug|Any CPU.ActiveCfg = Debug|Any CPU
		{DA35B1C8-CE1A-4C8A-8CAB-89193B8C9443}.Debug|Any CPU.Build.0 = Debug|Any CPU
		{DA35B1C8-CE1A-4C8A-8CAB-89193B8C9443}.Release|Any CPU.ActiveCfg = Release|Any CPU
		{DA35B1C8-CE1A-4C8A-8CAB-89193B8C9443}.Release|Any CPU.Build.0 = Release|Any CPU
		{C3089096-052E-4F0A-AF4F-74E2D4C0979D}.Debug|Any CPU.ActiveCfg = Debug|Any CPU
		{C3089096-052E-4F0A-AF4F-74E2D4C0979D}.Debug|Any CPU.Build.0 = Debug|Any CPU
		{C3089096-052E-4F0A-AF4F-74E2D4C0979D}.Debug|Any CPU.Deploy.0 = Debug|Any CPU
		{C3089096-052E-4F0A-AF4F-74E2D4C0979D}.Release|Any CPU.ActiveCfg = Release|Any CPU
		{C3089096-052E-4F0A-AF4F-74E2D4C0979D}.Release|Any CPU.Build.0 = Release|Any CPU
		{C3089096-052E-4F0A-AF4F-74E2D4C0979D}.Release|Any CPU.Deploy.0 = Release|Any CPU
		{02A4D3E1-652F-48AC-A98F-78F4E5844572}.Debug|Any CPU.ActiveCfg = Debug|Any CPU
		{02A4D3E1-652F-48AC-A98F-78F4E5844572}.Debug|Any CPU.Build.0 = Debug|Any CPU
		{02A4D3E1-652F-48AC-A98F-78F4E5844572}.Release|Any CPU.ActiveCfg = Release|Any CPU
		{02A4D3E1-652F-48AC-A98F-78F4E5844572}.Release|Any CPU.Build.0 = Release|Any CPU
		{E63386B7-4E75-4E9B-8043-10697F594305}.Debug|Any CPU.ActiveCfg = Debug|Any CPU
		{E63386B7-4E75-4E9B-8043-10697F594305}.Debug|Any CPU.Build.0 = Debug|Any CPU
		{E63386B7-4E75-4E9B-8043-10697F594305}.Release|Any CPU.ActiveCfg = Release|Any CPU
		{E63386B7-4E75-4E9B-8043-10697F594305}.Release|Any CPU.Build.0 = Release|Any CPU
		{FA689CDA-C16A-4990-A71B-C64602FA37D2}.Debug|Any CPU.ActiveCfg = Debug|Any CPU
		{FA689CDA-C16A-4990-A71B-C64602FA37D2}.Debug|Any CPU.Build.0 = Debug|Any CPU
		{FA689CDA-C16A-4990-A71B-C64602FA37D2}.Release|Any CPU.ActiveCfg = Release|Any CPU
		{FA689CDA-C16A-4990-A71B-C64602FA37D2}.Release|Any CPU.Build.0 = Release|Any CPU
	EndGlobalSection
	GlobalSection(SolutionProperties) = preSolution
		HideSolutionNode = FALSE
	EndGlobalSection
	GlobalSection(NestedProjects) = preSolution
		{DA35B1C8-CE1A-4C8A-8CAB-89193B8C9443} = {D6D76F30-4A72-456D-98A2-7A9024C63ADD}
		{C3089096-052E-4F0A-AF4F-74E2D4C0979D} = {A89C9936-A3F8-48BD-99D5-B9DA6D4C1D38}
		{02A4D3E1-652F-48AC-A98F-78F4E5844572} = {AE0C7B2F-FC68-4E33-9003-A135BEB18AAB}
		{E63386B7-4E75-4E9B-8043-10697F594305} = {876F469E-CDDA-46BC-A279-A16BAF4F1542}
		{FA689CDA-C16A-4990-A71B-C64602FA37D2} = {927BFBDF-6C27-4A3A-81D6-A603BDA89525}
	EndGlobalSection
	GlobalSection(ExtensibilityGlobals) = postSolution
		SolutionGuid = {4B29EA9D-F4AE-45CB-BE7A-F0C443EF7BB3}
	EndGlobalSection
EndGlobal
